// !$*UTF8*$!
{
	archiveVersion = 1;
	classes = {
	};
	objectVersion = 46;
	objects = {

/* Begin PBXBuildFile section */
		31A635F11C1BF6EF00B52F4B /* main.m in Sources */ = {isa = PBXBuildFile; fileRef = 31A635F01C1BF6EF00B52F4B /* main.m */; };
		31A635F41C1BF6EF00B52F4B /* AppDelegate.m in Sources */ = {isa = PBXBuildFile; fileRef = 31A635F31C1BF6EF00B52F4B /* AppDelegate.m */; };
		31A635F71C1BF6EF00B52F4B /* ViewController.m in Sources */ = {isa = PBXBuildFile; fileRef = 31A635F61C1BF6EF00B52F4B /* ViewController.m */; };
		31A635FA1C1BF6EF00B52F4B /* Main.storyboard in Resources */ = {isa = PBXBuildFile; fileRef = 31A635F81C1BF6EF00B52F4B /* Main.storyboard */; };
		31A635FC1C1BF6EF00B52F4B /* Assets.xcassets in Resources */ = {isa = PBXBuildFile; fileRef = 31A635FB1C1BF6EF00B52F4B /* Assets.xcassets */; };
		31A635FF1C1BF6EF00B52F4B /* LaunchScreen.storyboard in Resources */ = {isa = PBXBuildFile; fileRef = 31A635FD1C1BF6EF00B52F4B /* LaunchScreen.storyboard */; };
		31A6360A1C1BF6EF00B52F4B /* ForWorkTests.m in Sources */ = {isa = PBXBuildFile; fileRef = 31A636091C1BF6EF00B52F4B /* ForWorkTests.m */; };
		31A636151C1BF6EF00B52F4B /* ForWorkUITests.m in Sources */ = {isa = PBXBuildFile; fileRef = 31A636141C1BF6EF00B52F4B /* ForWorkUITests.m */; };
		31A636241C1BFFDF00B52F4B /* LaunchViewController.m in Sources */ = {isa = PBXBuildFile; fileRef = 31A636231C1BFFDF00B52F4B /* LaunchViewController.m */; };
/* End PBXBuildFile section */

/* Begin PBXContainerItemProxy section */
		31A636061C1BF6EF00B52F4B /* PBXContainerItemProxy */ = {
			isa = PBXContainerItemProxy;
			containerPortal = 31A635E41C1BF6EF00B52F4B /* Project object */;
			proxyType = 1;
			remoteGlobalIDString = 31A635EB1C1BF6EF00B52F4B;
			remoteInfo = ForWork;
		};
		31A636111C1BF6EF00B52F4B /* PBXContainerItemProxy */ = {
			isa = PBXContainerItemProxy;
			containerPortal = 31A635E41C1BF6EF00B52F4B /* Project object */;
			proxyType = 1;
			remoteGlobalIDString = 31A635EB1C1BF6EF00B52F4B;
			remoteInfo = ForWork;
		};
/* End PBXContainerItemProxy section */

/* Begin PBXFileReference section */
		31A635EC1C1BF6EF00B52F4B /* ForWork.app */ = {isa = PBXFileReference; explicitFileType = wrapper.application; includeInIndex = 0; path = ForWork.app; sourceTree = BUILT_PRODUCTS_DIR; };
		31A635F01C1BF6EF00B52F4B /* main.m */ = {isa = PBXFileReference; lastKnownFileType = sourcecode.c.objc; path = main.m; sourceTree = "<group>"; };
		31A635F21C1BF6EF00B52F4B /* AppDelegate.h */ = {isa = PBXFileReference; lastKnownFileType = sourcecode.c.h; path = AppDelegate.h; sourceTree = "<group>"; };
		31A635F31C1BF6EF00B52F4B /* AppDelegate.m */ = {isa = PBXFileReference; lastKnownFileType = sourcecode.c.objc; path = AppDelegate.m; sourceTree = "<group>"; };
		31A635F51C1BF6EF00B52F4B /* ViewController.h */ = {isa = PBXFileReference; lastKnownFileType = sourcecode.c.h; path = ViewController.h; sourceTree = "<group>"; };
		31A635F61C1BF6EF00B52F4B /* ViewController.m */ = {isa = PBXFileReference; lastKnownFileType = sourcecode.c.objc; path = ViewController.m; sourceTree = "<group>"; };
		31A635F91C1BF6EF00B52F4B /* Base */ = {isa = PBXFileReference; lastKnownFileType = file.storyboard; name = Base; path = Base.lproj/Main.storyboard; sourceTree = "<group>"; };
		31A635FB1C1BF6EF00B52F4B /* Assets.xcassets */ = {isa = PBXFileReference; lastKnownFileType = folder.assetcatalog; path = Assets.xcassets; sourceTree = "<group>"; };
		31A635FE1C1BF6EF00B52F4B /* Base */ = {isa = PBXFileReference; lastKnownFileType = file.storyboard; name = Base; path = Base.lproj/LaunchScreen.storyboard; sourceTree = "<group>"; };
		31A636001C1BF6EF00B52F4B /* Info.plist */ = {isa = PBXFileReference; lastKnownFileType = text.plist.xml; path = Info.plist; sourceTree = "<group>"; };
		31A636051C1BF6EF00B52F4B /* ForWorkTests.xctest */ = {isa = PBXFileReference; explicitFileType = wrapper.cfbundle; includeInIndex = 0; path = ForWorkTests.xctest; sourceTree = BUILT_PRODUCTS_DIR; };
		31A636091C1BF6EF00B52F4B /* ForWorkTests.m */ = {isa = PBXFileReference; lastKnownFileType = sourcecode.c.objc; path = ForWorkTests.m; sourceTree = "<group>"; };
		31A6360B1C1BF6EF00B52F4B /* Info.plist */ = {isa = PBXFileReference; lastKnownFileType = text.plist.xml; path = Info.plist; sourceTree = "<group>"; };
		31A636101C1BF6EF00B52F4B /* ForWorkUITests.xctest */ = {isa = PBXFileReference; explicitFileType = wrapper.cfbundle; includeInIndex = 0; path = ForWorkUITests.xctest; sourceTree = BUILT_PRODUCTS_DIR; };
		31A636141C1BF6EF00B52F4B /* ForWorkUITests.m */ = {isa = PBXFileReference; lastKnownFileType = sourcecode.c.objc; path = ForWorkUITests.m; sourceTree = "<group>"; };
		31A636161C1BF6EF00B52F4B /* Info.plist */ = {isa = PBXFileReference; lastKnownFileType = text.plist.xml; path = Info.plist; sourceTree = "<group>"; };
		31A636221C1BFFDF00B52F4B /* LaunchViewController.h */ = {isa = PBXFileReference; fileEncoding = 4; lastKnownFileType = sourcecode.c.h; name = LaunchViewController.h; path = General/Views/LaunchViewController.h; sourceTree = "<group>"; };
		31A636231C1BFFDF00B52F4B /* LaunchViewController.m */ = {isa = PBXFileReference; fileEncoding = 4; lastKnownFileType = sourcecode.c.objc; name = LaunchViewController.m; path = General/Views/LaunchViewController.m; sourceTree = "<group>"; };
/* End PBXFileReference section */

/* Begin PBXFrameworksBuildPhase section */
		31A635E91C1BF6EF00B52F4B /* Frameworks */ = {
			isa = PBXFrameworksBuildPhase;
			buildActionMask = 2147483647;
			files = (
			);
			runOnlyForDeploymentPostprocessing = 0;
		};
		31A636021C1BF6EF00B52F4B /* Frameworks */ = {
			isa = PBXFrameworksBuildPhase;
			buildActionMask = 2147483647;
			files = (
			);
			runOnlyForDeploymentPostprocessing = 0;
		};
		31A6360D1C1BF6EF00B52F4B /* Frameworks */ = {
			isa = PBXFrameworksBuildPhase;
			buildActionMask = 2147483647;
			files = (
			);
			runOnlyForDeploymentPostprocessing = 0;
		};
/* End PBXFrameworksBuildPhase section */

/* Begin PBXGroup section */
		31A635E31C1BF6EF00B52F4B = {
			isa = PBXGroup;
			children = (
				31A635EE1C1BF6EF00B52F4B /* ForWork */,
				31A636081C1BF6EF00B52F4B /* ForWorkTests */,
				31A636131C1BF6EF00B52F4B /* ForWorkUITests */,
				31A635ED1C1BF6EF00B52F4B /* Products */,
			);
			sourceTree = "<group>";
		};
		31A635ED1C1BF6EF00B52F4B /* Products */ = {
			isa = PBXGroup;
			children = (
				31A635EC1C1BF6EF00B52F4B /* ForWork.app */,
				31A636051C1BF6EF00B52F4B /* ForWorkTests.xctest */,
				31A636101C1BF6EF00B52F4B /* ForWorkUITests.xctest */,
			);
			name = Products;
			sourceTree = "<group>";
		};
		31A635EE1C1BF6EF00B52F4B /* ForWork */ = {
			isa = PBXGroup;
			children = (
				31A635F21C1BF6EF00B52F4B /* AppDelegate.h */,
				31A635F31C1BF6EF00B52F4B /* AppDelegate.m */,
				31A635F51C1BF6EF00B52F4B /* ViewController.h */,
				31A635F61C1BF6EF00B52F4B /* ViewController.m */,
				31A635F81C1BF6EF00B52F4B /* Main.storyboard */,
				31A635FB1C1BF6EF00B52F4B /* Assets.xcassets */,
				31A635FD1C1BF6EF00B52F4B /* LaunchScreen.storyboard */,
				31A636251C1BFFFD00B52F4B /* General */,
				31A636001C1BF6EF00B52F4B /* Info.plist */,
				31A635EF1C1BF6EF00B52F4B /* Supporting Files */,
			);
			path = ForWork;
			sourceTree = "<group>";
		};
		31A635EF1C1BF6EF00B52F4B /* Supporting Files */ = {
			isa = PBXGroup;
			children = (
				31A635F01C1BF6EF00B52F4B /* main.m */,
			);
			name = "Supporting Files";
			sourceTree = "<group>";
		};
		31A636081C1BF6EF00B52F4B /* ForWorkTests */ = {
			isa = PBXGroup;
			children = (
				31A636091C1BF6EF00B52F4B /* ForWorkTests.m */,
				31A6360B1C1BF6EF00B52F4B /* Info.plist */,
			);
			path = ForWorkTests;
			sourceTree = "<group>";
		};
		31A636131C1BF6EF00B52F4B /* ForWorkUITests */ = {
			isa = PBXGroup;
			children = (
				31A636141C1BF6EF00B52F4B /* ForWorkUITests.m */,
				31A636161C1BF6EF00B52F4B /* Info.plist */,
			);
			path = ForWorkUITests;
			sourceTree = "<group>";
		};
		31A636251C1BFFFD00B52F4B /* General */ = {
			isa = PBXGroup;
			children = (
				31A636261C1C001800B52F4B /* Views */,
			);
			name = General;
			sourceTree = "<group>";
		};
		31A636261C1C001800B52F4B /* Views */ = {
			isa = PBXGroup;
			children = (
				31A636221C1BFFDF00B52F4B /* LaunchViewController.h */,
				31A636231C1BFFDF00B52F4B /* LaunchViewController.m */,
			);
			name = Views;
			sourceTree = "<group>";
		};
/* End PBXGroup section */

/* Begin PBXNativeTarget section */
		31A635EB1C1BF6EF00B52F4B /* ForWork */ = {
			isa = PBXNativeTarget;
			buildConfigurationList = 31A636191C1BF6EF00B52F4B /* Build configuration list for PBXNativeTarget "ForWork" */;
			buildPhases = (
				31A635E81C1BF6EF00B52F4B /* Sources */,
				31A635E91C1BF6EF00B52F4B /* Frameworks */,
				31A635EA1C1BF6EF00B52F4B /* Resources */,
			);
			buildRules = (
			);
			dependencies = (
			);
			name = ForWork;
			productName = ForWork;
			productReference = 31A635EC1C1BF6EF00B52F4B /* ForWork.app */;
			productType = "com.apple.product-type.application";
		};
		31A636041C1BF6EF00B52F4B /* ForWorkTests */ = {
			isa = PBXNativeTarget;
			buildConfigurationList = 31A6361C1C1BF6EF00B52F4B /* Build configuration list for PBXNativeTarget "ForWorkTests" */;
			buildPhases = (
				31A636011C1BF6EF00B52F4B /* Sources */,
				31A636021C1BF6EF00B52F4B /* Frameworks */,
				31A636031C1BF6EF00B52F4B /* Resources */,
			);
			buildRules = (
			);
			dependencies = (
				31A636071C1BF6EF00B52F4B /* PBXTargetDependency */,
			);
			name = ForWorkTests;
			productName = ForWorkTests;
			productReference = 31A636051C1BF6EF00B52F4B /* ForWorkTests.xctest */;
			productType = "com.apple.product-type.bundle.unit-test";
		};
		31A6360F1C1BF6EF00B52F4B /* ForWorkUITests */ = {
			isa = PBXNativeTarget;
			buildConfigurationList = 31A6361F1C1BF6EF00B52F4B /* Build configuration list for PBXNativeTarget "ForWorkUITests" */;
			buildPhases = (
				31A6360C1C1BF6EF00B52F4B /* Sources */,
				31A6360D1C1BF6EF00B52F4B /* Frameworks */,
				31A6360E1C1BF6EF00B52F4B /* Resources */,
			);
			buildRules = (
			);
			dependencies = (
				31A636121C1BF6EF00B52F4B /* PBXTargetDependency */,
			);
			name = ForWorkUITests;
			productName = ForWorkUITests;
			productReference = 31A636101C1BF6EF00B52F4B /* ForWorkUITests.xctest */;
			productType = "com.apple.product-type.bundle.ui-testing";
		};
/* End PBXNativeTarget section */

/* Begin PBXProject section */
		31A635E41C1BF6EF00B52F4B /* Project object */ = {
			isa = PBXProject;
			attributes = {
				LastUpgradeCheck = 0720;
				ORGANIZATIONNAME = "盛愉";
				TargetAttributes = {
					31A635EB1C1BF6EF00B52F4B = {
						CreatedOnToolsVersion = 7.2;
					};
					31A636041C1BF6EF00B52F4B = {
						CreatedOnToolsVersion = 7.2;
						TestTargetID = 31A635EB1C1BF6EF00B52F4B;
					};
					31A6360F1C1BF6EF00B52F4B = {
						CreatedOnToolsVersion = 7.2;
						TestTargetID = 31A635EB1C1BF6EF00B52F4B;
					};
				};
			};
			buildConfigurationList = 31A635E71C1BF6EF00B52F4B /* Build configuration list for PBXProject "ForWork" */;
			compatibilityVersion = "Xcode 3.2";
			developmentRegion = English;
			hasScannedForEncodings = 0;
			knownRegions = (
				en,
				Base,
			);
			mainGroup = 31A635E31C1BF6EF00B52F4B;
			productRefGroup = 31A635ED1C1BF6EF00B52F4B /* Products */;
			projectDirPath = "";
			projectRoot = "";
			targets = (
				31A635EB1C1BF6EF00B52F4B /* ForWork */,
				31A636041C1BF6EF00B52F4B /* ForWorkTests */,
				31A6360F1C1BF6EF00B52F4B /* ForWorkUITests */,
			);
		};
/* End PBXProject section */

/* Begin PBXResourcesBuildPhase section */
		31A635EA1C1BF6EF00B52F4B /* Resources */ = {
			isa = PBXResourcesBuildPhase;
			buildActionMask = 2147483647;
			files = (
				31A635FF1C1BF6EF00B52F4B /* LaunchScreen.storyboard in Resources */,
				31A635FC1C1BF6EF00B52F4B /* Assets.xcassets in Resources */,
				31A635FA1C1BF6EF00B52F4B /* Main.storyboard in Resources */,
			);
			runOnlyForDeploymentPostprocessing = 0;
		};
		31A636031C1BF6EF00B52F4B /* Resources */ = {
			isa = PBXResourcesBuildPhase;
			buildActionMask = 2147483647;
			files = (
			);
			runOnlyForDeploymentPostprocessing = 0;
		};
		31A6360E1C1BF6EF00B52F4B /* Resources */ = {
			isa = PBXResourcesBuildPhase;
			buildActionMask = 2147483647;
			files = (
			);
			runOnlyForDeploymentPostprocessing = 0;
		};
/* End PBXResourcesBuildPhase section */

/* Begin PBXSourcesBuildPhase section */
		31A635E81C1BF6EF00B52F4B /* Sources */ = {
			isa = PBXSourcesBuildPhase;
			buildActionMask = 2147483647;
			files = (
				31A635F71C1BF6EF00B52F4B /* ViewController.m in Sources */,
				31A635F41C1BF6EF00B52F4B /* AppDelegate.m in Sources */,
				31A635F11C1BF6EF00B52F4B /* main.m in Sources */,
				31A636241C1BFFDF00B52F4B /* LaunchViewController.m in Sources */,
			);
			runOnlyForDeploymentPostprocessing = 0;
		};
		31A636011C1BF6EF00B52F4B /* Sources */ = {
			isa = PBXSourcesBuildPhase;
			buildActionMask = 2147483647;
			files = (
				31A6360A1C1BF6EF00B52F4B /* ForWorkTests.m in Sources */,
			);
			runOnlyForDeploymentPostprocessing = 0;
		};
		31A6360C1C1BF6EF00B52F4B /* Sources */ = {
			isa = PBXSourcesBuildPhase;
			buildActionMask = 2147483647;
			files = (
				31A636151C1BF6EF00B52F4B /* ForWorkUITests.m in Sources */,
			);
			runOnlyForDeploymentPostprocessing = 0;
		};
/* End PBXSourcesBuildPhase section */

/* Begin PBXTargetDependency section */
		31A636071C1BF6EF00B52F4B /* PBXTargetDependency */ = {
			isa = PBXTargetDependency;
			target = 31A635EB1C1BF6EF00B52F4B /* ForWork */;
			targetProxy = 31A636061C1BF6EF00B52F4B /* PBXContainerItemProxy */;
		};
		31A636121C1BF6EF00B52F4B /* PBXTargetDependency */ = {
			isa = PBXTargetDependency;
			target = 31A635EB1C1BF6EF00B52F4B /* ForWork */;
			targetProxy = 31A636111C1BF6EF00B52F4B /* PBXContainerItemProxy */;
		};
/* End PBXTargetDependency section */

/* Begin PBXVariantGroup section */
		31A635F81C1BF6EF00B52F4B /* Main.storyboard */ = {
			isa = PBXVariantGroup;
			children = (
				31A635F91C1BF6EF00B52F4B /* Base */,
			);
			name = Main.storyboard;
			sourceTree = "<group>";
		};
		31A635FD1C1BF6EF00B52F4B /* LaunchScreen.storyboard */ = {
			isa = PBXVariantGroup;
			children = (
				31A635FE1C1BF6EF00B52F4B /* Base */,
			);
			name = LaunchScreen.storyboard;
			sourceTree = "<group>";
		};
/* End PBXVariantGroup section */

/* Begin XCBuildConfiguration section */
		31A636171C1BF6EF00B52F4B /* Debug */ = {
			isa = XCBuildConfiguration;
			buildSettings = {
				ALWAYS_SEARCH_USER_PATHS = NO;
				CLANG_CXX_LANGUAGE_STANDARD = "gnu++0x";
				CLANG_CXX_LIBRARY = "libc++";
				CLANG_ENABLE_MODULES = YES;
				CLANG_ENABLE_OBJC_ARC = YES;
				CLANG_WARN_BOOL_CONVERSION = YES;
				CLANG_WARN_CONSTANT_CONVERSION = YES;
				CLANG_WARN_DIRECT_OBJC_ISA_USAGE = YES_ERROR;
				CLANG_WARN_EMPTY_BODY = YES;
				CLANG_WARN_ENUM_CONVERSION = YES;
				CLANG_WARN_INT_CONVERSION = YES;
				CLANG_WARN_OBJC_ROOT_CLASS = YES_ERROR;
				CLANG_WARN_UNREACHABLE_CODE = YES;
				CLANG_WARN__DUPLICATE_METHOD_MATCH = YES;
				"CODE_SIGN_IDENTITY[sdk=iphoneos*]" = "iPhone Developer";
				COPY_PHASE_STRIP = NO;
				DEBUG_INFORMATION_FORMAT = dwarf;
				ENABLE_STRICT_OBJC_MSGSEND = YES;
				ENABLE_TESTABILITY = YES;
				GCC_C_LANGUAGE_STANDARD = gnu99;
				GCC_DYNAMIC_NO_PIC = NO;
				GCC_NO_COMMON_BLOCKS = YES;
				GCC_OPTIMIZATION_LEVEL = 0;
				GCC_PREPROCESSOR_DEFINITIONS = (
					"DEBUG=1",
					"$(inherited)",
				);
				GCC_WARN_64_TO_32_BIT_CONVERSION = YES;
				GCC_WARN_ABOUT_RETURN_TYPE = YES_ERROR;
				GCC_WARN_UNDECLARED_SELECTOR = YES;
				GCC_WARN_UNINITIALIZED_AUTOS = YES_AGGRESSIVE;
				GCC_WARN_UNUSED_FUNCTION = YES;
				GCC_WARN_UNUSED_VARIABLE = YES;
				IPHONEOS_DEPLOYMENT_TARGET = 9.2;
				MTL_ENABLE_DEBUG_INFO = YES;
				ONLY_ACTIVE_ARCH = YES;
				SDKROOT = iphoneos;
				TARGETED_DEVICE_FAMILY = "1,2";
			};
			name = Debug;
		};
		31A636181C1BF6EF00B52F4B /* Release */ = {
			isa = XCBuildConfiguration;
			buildSettings = {
				ALWAYS_SEARCH_USER_PATHS = NO;
				CLANG_CXX_LANGUAGE_STANDARD = "gnu++0x";
				CLANG_CXX_LIBRARY = "libc++";
				CLANG_ENABLE_MODULES = YES;
				CLANG_ENABLE_OBJC_ARC = YES;
				CLANG_WARN_BOOL_CONVERSION = YES;
				CLANG_WARN_CONSTANT_CONVERSION = YES;
				CLANG_WARN_DIRECT_OBJC_ISA_USAGE = YES_ERROR;
				CLANG_WARN_EMPTY_BODY = YES;
				CLANG_WARN_ENUM_CONVERSION = YES;
				CLANG_WARN_INT_CONVERSION = YES;
				CLANG_WARN_OBJC_ROOT_CLASS = YES_ERROR;
				CLANG_WARN_UNREACHABLE_CODE = YES;
				CLANG_WARN__DUPLICATE_METHOD_MATCH = YES;
				"CODE_SIGN_IDENTITY[sdk=iphoneos*]" = "iPhone Developer";
				COPY_PHASE_STRIP = NO;
				DEBUG_INFORMATION_FORMAT = "dwarf-with-dsym";
				ENABLE_NS_ASSERTIONS = NO;
				ENABLE_STRICT_OBJC_MSGSEND = YES;
				GCC_C_LANGUAGE_STANDARD = gnu99;
				GCC_NO_COMMON_BLOCKS = YES;
				GCC_WARN_64_TO_32_BIT_CONVERSION = YES;
				GCC_WARN_ABOUT_RETURN_TYPE = YES_ERROR;
				GCC_WARN_UNDECLARED_SELECTOR = YES;
				GCC_WARN_UNINITIALIZED_AUTOS = YES_AGGRESSIVE;
				GCC_WARN_UNUSED_FUNCTION = YES;
				GCC_WARN_UNUSED_VARIABLE = YES;
				IPHONEOS_DEPLOYMENT_TARGET = 9.2;
				MTL_ENABLE_DEBUG_INFO = NO;
				SDKROOT = iphoneos;
				TARGETED_DEVICE_FAMILY = "1,2";
				VALIDATE_PRODUCT = YES;
			};
			name = Release;
		};
		31A6361A1C1BF6EF00B52F4B /* Debug */ = {
			isa = XCBuildConfiguration;
			buildSettings = {
				ASSETCATALOG_COMPILER_APPICON_NAME = AppIcon;
				INFOPLIST_FILE = ForWork/Info.plist;
				IPHONEOS_DEPLOYMENT_TARGET = 9.2;
				LD_RUNPATH_SEARCH_PATHS = "$(inherited) @executable_path/Frameworks";
				PRODUCT_BUNDLE_IDENTIFIER = sysy.ForWork;
				PRODUCT_NAME = "$(TARGET_NAME)";
			};
			name = Debug;
		};
		31A6361B1C1BF6EF00B52F4B /* Release */ = {
			isa = XCBuildConfiguration;
			buildSettings = {
				ASSETCATALOG_COMPILER_APPICON_NAME = AppIcon;
				INFOPLIST_FILE = ForWork/Info.plist;
				IPHONEOS_DEPLOYMENT_TARGET = 9.2;
				LD_RUNPATH_SEARCH_PATHS = "$(inherited) @executable_path/Frameworks";
				PRODUCT_BUNDLE_IDENTIFIER = sysy.ForWork;
				PRODUCT_NAME = "$(TARGET_NAME)";
			};
			name = Release;
		};
		31A6361D1C1BF6EF00B52F4B /* Debug */ = {
			isa = XCBuildConfiguration;
			buildSettings = {
				BUNDLE_LOADER = "$(TEST_HOST)";
				INFOPLIST_FILE = ForWorkTests/Info.plist;
				LD_RUNPATH_SEARCH_PATHS = "$(inherited) @executable_path/Frameworks @loader_path/Frameworks";
				PRODUCT_BUNDLE_IDENTIFIER = sysy.ForWorkTests;
				PRODUCT_NAME = "$(TARGET_NAME)";
				TEST_HOST = "$(BUILT_PRODUCTS_DIR)/ForWork.app/ForWork";
			};
			name = Debug;
		};
		31A6361E1C1BF6EF00B52F4B /* Release */ = {
			isa = XCBuildConfiguration;
			buildSettings = {
				BUNDLE_LOADER = "$(TEST_HOST)";
				INFOPLIST_FILE = ForWorkTests/Info.plist;
				LD_RUNPATH_SEARCH_PATHS = "$(inherited) @executable_path/Frameworks @loader_path/Frameworks";
				PRODUCT_BUNDLE_IDENTIFIER = sysy.ForWorkTests;
				PRODUCT_NAME = "$(TARGET_NAME)";
				TEST_HOST = "$(BUILT_PRODUCTS_DIR)/ForWork.app/ForWork";
			};
			name = Release;
		};
		31A636201C1BF6EF00B52F4B /* Debug */ = {
			isa = XCBuildConfiguration;
			buildSettings = {
				INFOPLIST_FILE = ForWorkUITests/Info.plist;
				LD_RUNPATH_SEARCH_PATHS = "$(inherited) @executable_path/Frameworks @loader_path/Frameworks";
				PRODUCT_BUNDLE_IDENTIFIER = sysy.ForWorkUITests;
				PRODUCT_NAME = "$(TARGET_NAME)";
				TEST_TARGET_NAME = ForWork;
				USES_XCTRUNNER = YES;
			};
			name = Debug;
		};
		31A636211C1BF6EF00B52F4B /* Release */ = {
			isa = XCBuildConfiguration;
			buildSettings = {
				INFOPLIST_FILE = ForWorkUITests/Info.plist;
				LD_RUNPATH_SEARCH_PATHS = "$(inherited) @executable_path/Frameworks @loader_path/Frameworks";
				PRODUCT_BUNDLE_IDENTIFIER = sysy.ForWorkUITests;
				PRODUCT_NAME = "$(TARGET_NAME)";
				TEST_TARGET_NAME = ForWork;
				USES_XCTRUNNER = YES;
			};
			name = Release;
		};
/* End XCBuildConfiguration section */

/* Begin XCConfigurationList section */
		31A635E71C1BF6EF00B52F4B /* Build configuration list for PBXProject "ForWork" */ = {
			isa = XCConfigurationList;
			buildConfigurations = (
				31A636171C1BF6EF00B52F4B /* Debug */,
				31A636181C1BF6EF00B52F4B /* Release */,
			);
			defaultConfigurationIsVisible = 0;
			defaultConfigurationName = Release;
		};
		31A636191C1BF6EF00B52F4B /* Build configuration list for PBXNativeTarget "ForWork" */ = {
			isa = XCConfigurationList;
			buildConfigurations = (
				31A6361A1C1BF6EF00B52F4B /* Debug */,
				31A6361B1C1BF6EF00B52F4B /* Release */,
			);
			defaultConfigurationIsVisible = 0;
		};
		31A6361C1C1BF6EF00B52F4B /* Build configuration list for PBXNativeTarget "ForWorkTests" */ = {
			isa = XCConfigurationList;
			buildConfigurations = (
				31A6361D1C1BF6EF00B52F4B /* Debug */,
				31A6361E1C1BF6EF00B52F4B /* Release */,
			);
			defaultConfigurationIsVisible = 0;
		};
		31A6361F1C1BF6EF00B52F4B /* Build configuration list for PBXNativeTarget "ForWorkUITests" */ = {
			isa = XCConfigurationList;
			buildConfigurations = (
				31A636201C1BF6EF00B52F4B /* Debug */,
				31A636211C1BF6EF00B52F4B /* Release */,
			);
			defaultConfigurationIsVisible = 0;
		};
/* End XCConfigurationList section */
	};
	rootObject = 31A635E41C1BF6EF00B52F4B /* Project object */;
}
