// !$*UTF8*$!
{
	archiveVersion = 1;
	classes = {
	};
	objectVersion = 46;
	objects = {

/* Begin PBXBuildFile section */
		31CB18F31C1A95360052C13E /* main.m in Sources */ = {isa = PBXBuildFile; fileRef = 31CB18F21C1A95360052C13E /* main.m */; };
		31CB18F61C1A95360052C13E /* AppDelegate.m in Sources */ = {isa = PBXBuildFile; fileRef = 31CB18F51C1A95360052C13E /* AppDelegate.m */; };
		31CB18F91C1A95360052C13E /* ViewController.m in Sources */ = {isa = PBXBuildFile; fileRef = 31CB18F81C1A95360052C13E /* ViewController.m */; };
		31CB18FC1C1A95360052C13E /* Main.storyboard in Resources */ = {isa = PBXBuildFile; fileRef = 31CB18FA1C1A95360052C13E /* Main.storyboard */; };
		31CB18FE1C1A95360052C13E /* Assets.xcassets in Resources */ = {isa = PBXBuildFile; fileRef = 31CB18FD1C1A95360052C13E /* Assets.xcassets */; };
		31CB19011C1A95360052C13E /* LaunchScreen.storyboard in Resources */ = {isa = PBXBuildFile; fileRef = 31CB18FF1C1A95360052C13E /* LaunchScreen.storyboard */; };
		31CB190C1C1A95360052C13E /* ForWorkTests.m in Sources */ = {isa = PBXBuildFile; fileRef = 31CB190B1C1A95360052C13E /* ForWorkTests.m */; };
		31CB19171C1A95360052C13E /* ForWorkUITests.m in Sources */ = {isa = PBXBuildFile; fileRef = 31CB19161C1A95360052C13E /* ForWorkUITests.m */; };
/* End PBXBuildFile section */

/* Begin PBXContainerItemProxy section */
		31CB19081C1A95360052C13E /* PBXContainerItemProxy */ = {
			isa = PBXContainerItemProxy;
			containerPortal = 31CB18E61C1A95360052C13E /* Project object */;
			proxyType = 1;
			remoteGlobalIDString = 31CB18ED1C1A95360052C13E;
			remoteInfo = ForWork;
		};
		31CB19131C1A95360052C13E /* PBXContainerItemProxy */ = {
			isa = PBXContainerItemProxy;
			containerPortal = 31CB18E61C1A95360052C13E /* Project object */;
			proxyType = 1;
			remoteGlobalIDString = 31CB18ED1C1A95360052C13E;
			remoteInfo = ForWork;
		};
/* End PBXContainerItemProxy section */

/* Begin PBXFileReference section */
		31CB18EE1C1A95360052C13E /* ForWork.app */ = {isa = PBXFileReference; explicitFileType = wrapper.application; includeInIndex = 0; path = ForWork.app; sourceTree = BUILT_PRODUCTS_DIR; };
		31CB18F21C1A95360052C13E /* main.m */ = {isa = PBXFileReference; lastKnownFileType = sourcecode.c.objc; path = main.m; sourceTree = "<group>"; };
		31CB18F41C1A95360052C13E /* AppDelegate.h */ = {isa = PBXFileReference; lastKnownFileType = sourcecode.c.h; path = AppDelegate.h; sourceTree = "<group>"; };
		31CB18F51C1A95360052C13E /* AppDelegate.m */ = {isa = PBXFileReference; lastKnownFileType = sourcecode.c.objc; path = AppDelegate.m; sourceTree = "<group>"; };
		31CB18F71C1A95360052C13E /* ViewController.h */ = {isa = PBXFileReference; lastKnownFileType = sourcecode.c.h; path = ViewController.h; sourceTree = "<group>"; };
		31CB18F81C1A95360052C13E /* ViewController.m */ = {isa = PBXFileReference; lastKnownFileType = sourcecode.c.objc; path = ViewController.m; sourceTree = "<group>"; };
		31CB18FB1C1A95360052C13E /* Base */ = {isa = PBXFileReference; lastKnownFileType = file.storyboard; name = Base; path = Base.lproj/Main.storyboard; sourceTree = "<group>"; };
		31CB18FD1C1A95360052C13E /* Assets.xcassets */ = {isa = PBXFileReference; lastKnownFileType = folder.assetcatalog; path = Assets.xcassets; sourceTree = "<group>"; };
		31CB19001C1A95360052C13E /* Base */ = {isa = PBXFileReference; lastKnownFileType = file.storyboard; name = Base; path = Base.lproj/LaunchScreen.storyboard; sourceTree = "<group>"; };
		31CB19021C1A95360052C13E /* Info.plist */ = {isa = PBXFileReference; lastKnownFileType = text.plist.xml; path = Info.plist; sourceTree = "<group>"; };
		31CB19071C1A95360052C13E /* ForWorkTests.xctest */ = {isa = PBXFileReference; explicitFileType = wrapper.cfbundle; includeInIndex = 0; path = ForWorkTests.xctest; sourceTree = BUILT_PRODUCTS_DIR; };
		31CB190B1C1A95360052C13E /* ForWorkTests.m */ = {isa = PBXFileReference; lastKnownFileType = sourcecode.c.objc; path = ForWorkTests.m; sourceTree = "<group>"; };
		31CB190D1C1A95360052C13E /* Info.plist */ = {isa = PBXFileReference; lastKnownFileType = text.plist.xml; path = Info.plist; sourceTree = "<group>"; };
		31CB19121C1A95360052C13E /* ForWorkUITests.xctest */ = {isa = PBXFileReference; explicitFileType = wrapper.cfbundle; includeInIndex = 0; path = ForWorkUITests.xctest; sourceTree = BUILT_PRODUCTS_DIR; };
		31CB19161C1A95360052C13E /* ForWorkUITests.m */ = {isa = PBXFileReference; lastKnownFileType = sourcecode.c.objc; path = ForWorkUITests.m; sourceTree = "<group>"; };
		31CB19181C1A95360052C13E /* Info.plist */ = {isa = PBXFileReference; lastKnownFileType = text.plist.xml; path = Info.plist; sourceTree = "<group>"; };
/* End PBXFileReference section */

/* Begin PBXFrameworksBuildPhase section */
		31CB18EB1C1A95360052C13E /* Frameworks */ = {
			isa = PBXFrameworksBuildPhase;
			buildActionMask = 2147483647;
			files = (
			);
			runOnlyForDeploymentPostprocessing = 0;
		};
		31CB19041C1A95360052C13E /* Frameworks */ = {
			isa = PBXFrameworksBuildPhase;
			buildActionMask = 2147483647;
			files = (
			);
			runOnlyForDeploymentPostprocessing = 0;
		};
		31CB190F1C1A95360052C13E /* Frameworks */ = {
			isa = PBXFrameworksBuildPhase;
			buildActionMask = 2147483647;
			files = (
			);
			runOnlyForDeploymentPostprocessing = 0;
		};
/* End PBXFrameworksBuildPhase section */

/* Begin PBXGroup section */
		31CB18E51C1A95360052C13E = {
			isa = PBXGroup;
			children = (
				31CB18F01C1A95360052C13E /* ForWork */,
				31CB190A1C1A95360052C13E /* ForWorkTests */,
				31CB19151C1A95360052C13E /* ForWorkUITests */,
				31CB18EF1C1A95360052C13E /* Products */,
			);
			sourceTree = "<group>";
		};
		31CB18EF1C1A95360052C13E /* Products */ = {
			isa = PBXGroup;
			children = (
				31CB18EE1C1A95360052C13E /* ForWork.app */,
				31CB19071C1A95360052C13E /* ForWorkTests.xctest */,
				31CB19121C1A95360052C13E /* ForWorkUITests.xctest */,
			);
			name = Products;
			sourceTree = "<group>";
		};
		31CB18F01C1A95360052C13E /* ForWork */ = {
			isa = PBXGroup;
			children = (
				31CB18F41C1A95360052C13E /* AppDelegate.h */,
				31CB18F51C1A95360052C13E /* AppDelegate.m */,
				31CB18F71C1A95360052C13E /* ViewController.h */,
				31CB18F81C1A95360052C13E /* ViewController.m */,
				31CB18FA1C1A95360052C13E /* Main.storyboard */,
				31CB18FD1C1A95360052C13E /* Assets.xcassets */,
				31CB18FF1C1A95360052C13E /* LaunchScreen.storyboard */,
				31CB19021C1A95360052C13E /* Info.plist */,
				31CB18F11C1A95360052C13E /* Supporting Files */,
			);
			path = ForWork;
			sourceTree = "<group>";
		};
		31CB18F11C1A95360052C13E /* Supporting Files */ = {
			isa = PBXGroup;
			children = (
				31CB18F21C1A95360052C13E /* main.m */,
			);
			name = "Supporting Files";
			sourceTree = "<group>";
		};
		31CB190A1C1A95360052C13E /* ForWorkTests */ = {
			isa = PBXGroup;
			children = (
				31CB190B1C1A95360052C13E /* ForWorkTests.m */,
				31CB190D1C1A95360052C13E /* Info.plist */,
			);
			path = ForWorkTests;
			sourceTree = "<group>";
		};
		31CB19151C1A95360052C13E /* ForWorkUITests */ = {
			isa = PBXGroup;
			children = (
				31CB19161C1A95360052C13E /* ForWorkUITests.m */,
				31CB19181C1A95360052C13E /* Info.plist */,
			);
			path = ForWorkUITests;
			sourceTree = "<group>";
		};
/* End PBXGroup section */

/* Begin PBXNativeTarget section */
		31CB18ED1C1A95360052C13E /* ForWork */ = {
			isa = PBXNativeTarget;
			buildConfigurationList = 31CB191B1C1A95360052C13E /* Build configuration list for PBXNativeTarget "ForWork" */;
			buildPhases = (
				31CB18EA1C1A95360052C13E /* Sources */,
				31CB18EB1C1A95360052C13E /* Frameworks */,
				31CB18EC1C1A95360052C13E /* Resources */,
			);
			buildRules = (
			);
			dependencies = (
			);
			name = ForWork;
			productName = ForWork;
			productReference = 31CB18EE1C1A95360052C13E /* ForWork.app */;
			productType = "com.apple.product-type.application";
		};
		31CB19061C1A95360052C13E /* ForWorkTests */ = {
			isa = PBXNativeTarget;
			buildConfigurationList = 31CB191E1C1A95360052C13E /* Build configuration list for PBXNativeTarget "ForWorkTests" */;
			buildPhases = (
				31CB19031C1A95360052C13E /* Sources */,
				31CB19041C1A95360052C13E /* Frameworks */,
				31CB19051C1A95360052C13E /* Resources */,
			);
			buildRules = (
			);
			dependencies = (
				31CB19091C1A95360052C13E /* PBXTargetDependency */,
			);
			name = ForWorkTests;
			productName = ForWorkTests;
			productReference = 31CB19071C1A95360052C13E /* ForWorkTests.xctest */;
			productType = "com.apple.product-type.bundle.unit-test";
		};
		31CB19111C1A95360052C13E /* ForWorkUITests */ = {
			isa = PBXNativeTarget;
			buildConfigurationList = 31CB19211C1A95360052C13E /* Build configuration list for PBXNativeTarget "ForWorkUITests" */;
			buildPhases = (
				31CB190E1C1A95360052C13E /* Sources */,
				31CB190F1C1A95360052C13E /* Frameworks */,
				31CB19101C1A95360052C13E /* Resources */,
			);
			buildRules = (
			);
			dependencies = (
				31CB19141C1A95360052C13E /* PBXTargetDependency */,
			);
			name = ForWorkUITests;
			productName = ForWorkUITests;
			productReference = 31CB19121C1A95360052C13E /* ForWorkUITests.xctest */;
			productType = "com.apple.product-type.bundle.ui-testing";
		};
/* End PBXNativeTarget section */

/* Begin PBXProject section */
		31CB18E61C1A95360052C13E /* Project object */ = {
			isa = PBXProject;
			attributes = {
				LastUpgradeCheck = 0710;
				ORGANIZATIONNAME = "盛愉";
				TargetAttributes = {
					31CB18ED1C1A95360052C13E = {
						CreatedOnToolsVersion = 7.1.1;
					};
					31CB19061C1A95360052C13E = {
						CreatedOnToolsVersion = 7.1.1;
						TestTargetID = 31CB18ED1C1A95360052C13E;
					};
					31CB19111C1A95360052C13E = {
						CreatedOnToolsVersion = 7.1.1;
						TestTargetID = 31CB18ED1C1A95360052C13E;
					};
				};
			};
			buildConfigurationList = 31CB18E91C1A95360052C13E /* Build configuration list for PBXProject "ForWork" */;
			compatibilityVersion = "Xcode 3.2";
			developmentRegion = English;
			hasScannedForEncodings = 0;
			knownRegions = (
				en,
				Base,
			);
			mainGroup = 31CB18E51C1A95360052C13E;
			productRefGroup = 31CB18EF1C1A95360052C13E /* Products */;
			projectDirPath = "";
			projectRoot = "";
			targets = (
				31CB18ED1C1A95360052C13E /* ForWork */,
				31CB19061C1A95360052C13E /* ForWorkTests */,
				31CB19111C1A95360052C13E /* ForWorkUITests */,
			);
		};
/* End PBXProject section */

/* Begin PBXResourcesBuildPhase section */
		31CB18EC1C1A95360052C13E /* Resources */ = {
			isa = PBXResourcesBuildPhase;
			buildActionMask = 2147483647;
			files = (
				31CB19011C1A95360052C13E /* LaunchScreen.storyboard in Resources */,
				31CB18FE1C1A95360052C13E /* Assets.xcassets in Resources */,
				31CB18FC1C1A95360052C13E /* Main.storyboard in Resources */,
			);
			runOnlyForDeploymentPostprocessing = 0;
		};
		31CB19051C1A95360052C13E /* Resources */ = {
			isa = PBXResourcesBuildPhase;
			buildActionMask = 2147483647;
			files = (
			);
			runOnlyForDeploymentPostprocessing = 0;
		};
		31CB19101C1A95360052C13E /* Resources */ = {
			isa = PBXResourcesBuildPhase;
			buildActionMask = 2147483647;
			files = (
			);
			runOnlyForDeploymentPostprocessing = 0;
		};
/* End PBXResourcesBuildPhase section */

/* Begin PBXSourcesBuildPhase section */
		31CB18EA1C1A95360052C13E /* Sources */ = {
			isa = PBXSourcesBuildPhase;
			buildActionMask = 2147483647;
			files = (
				31CB18F91C1A95360052C13E /* ViewController.m in Sources */,
				31CB18F61C1A95360052C13E /* AppDelegate.m in Sources */,
				31CB18F31C1A95360052C13E /* main.m in Sources */,
			);
			runOnlyForDeploymentPostprocessing = 0;
		};
		31CB19031C1A95360052C13E /* Sources */ = {
			isa = PBXSourcesBuildPhase;
			buildActionMask = 2147483647;
			files = (
				31CB190C1C1A95360052C13E /* ForWorkTests.m in Sources */,
			);
			runOnlyForDeploymentPostprocessing = 0;
		};
		31CB190E1C1A95360052C13E /* Sources */ = {
			isa = PBXSourcesBuildPhase;
			buildActionMask = 2147483647;
			files = (
				31CB19171C1A95360052C13E /* ForWorkUITests.m in Sources */,
			);
			runOnlyForDeploymentPostprocessing = 0;
		};
/* End PBXSourcesBuildPhase section */

/* Begin PBXTargetDependency section */
		31CB19091C1A95360052C13E /* PBXTargetDependency */ = {
			isa = PBXTargetDependency;
			target = 31CB18ED1C1A95360052C13E /* ForWork */;
			targetProxy = 31CB19081C1A95360052C13E /* PBXContainerItemProxy */;
		};
		31CB19141C1A95360052C13E /* PBXTargetDependency */ = {
			isa = PBXTargetDependency;
			target = 31CB18ED1C1A95360052C13E /* ForWork */;
			targetProxy = 31CB19131C1A95360052C13E /* PBXContainerItemProxy */;
		};
/* End PBXTargetDependency section */

/* Begin PBXVariantGroup section */
		31CB18FA1C1A95360052C13E /* Main.storyboard */ = {
			isa = PBXVariantGroup;
			children = (
				31CB18FB1C1A95360052C13E /* Base */,
			);
			name = Main.storyboard;
			sourceTree = "<group>";
		};
		31CB18FF1C1A95360052C13E /* LaunchScreen.storyboard */ = {
			isa = PBXVariantGroup;
			children = (
				31CB19001C1A95360052C13E /* Base */,
			);
			name = LaunchScreen.storyboard;
			sourceTree = "<group>";
		};
/* End PBXVariantGroup section */

/* Begin XCBuildConfiguration section */
		31CB19191C1A95360052C13E /* Debug */ = {
			isa = XCBuildConfiguration;
			buildSettings = {
				ALWAYS_SEARCH_USER_PATHS = NO;
				CLANG_CXX_LANGUAGE_STANDARD = "gnu++0x";
				CLANG_CXX_LIBRARY = "libc++";
				CLANG_ENABLE_MODULES = YES;
				CLANG_ENABLE_OBJC_ARC = YES;
				CLANG_WARN_BOOL_CONVERSION = YES;
				CLANG_WARN_CONSTANT_CONVERSION = YES;
				CLANG_WARN_DIRECT_OBJC_ISA_USAGE = YES_ERROR;
				CLANG_WARN_EMPTY_BODY = YES;
				CLANG_WARN_ENUM_CONVERSION = YES;
				CLANG_WARN_INT_CONVERSION = YES;
				CLANG_WARN_OBJC_ROOT_CLASS = YES_ERROR;
				CLANG_WARN_UNREACHABLE_CODE = YES;
				CLANG_WARN__DUPLICATE_METHOD_MATCH = YES;
				"CODE_SIGN_IDENTITY[sdk=iphoneos*]" = "iPhone Developer";
				COPY_PHASE_STRIP = NO;
				DEBUG_INFORMATION_FORMAT = dwarf;
				ENABLE_STRICT_OBJC_MSGSEND = YES;
				ENABLE_TESTABILITY = YES;
				GCC_C_LANGUAGE_STANDARD = gnu99;
				GCC_DYNAMIC_NO_PIC = NO;
				GCC_NO_COMMON_BLOCKS = YES;
				GCC_OPTIMIZATION_LEVEL = 0;
				GCC_PREPROCESSOR_DEFINITIONS = (
					"DEBUG=1",
					"$(inherited)",
				);
				GCC_WARN_64_TO_32_BIT_CONVERSION = YES;
				GCC_WARN_ABOUT_RETURN_TYPE = YES_ERROR;
				GCC_WARN_UNDECLARED_SELECTOR = YES;
				GCC_WARN_UNINITIALIZED_AUTOS = YES_AGGRESSIVE;
				GCC_WARN_UNUSED_FUNCTION = YES;
				GCC_WARN_UNUSED_VARIABLE = YES;
				IPHONEOS_DEPLOYMENT_TARGET = 9.1;
				MTL_ENABLE_DEBUG_INFO = YES;
				ONLY_ACTIVE_ARCH = YES;
				SDKROOT = iphoneos;
				TARGETED_DEVICE_FAMILY = "1,2";
			};
			name = Debug;
		};
		31CB191A1C1A95360052C13E /* Release */ = {
			isa = XCBuildConfiguration;
			buildSettings = {
				ALWAYS_SEARCH_USER_PATHS = NO;
				CLANG_CXX_LANGUAGE_STANDARD = "gnu++0x";
				CLANG_CXX_LIBRARY = "libc++";
				CLANG_ENABLE_MODULES = YES;
				CLANG_ENABLE_OBJC_ARC = YES;
				CLANG_WARN_BOOL_CONVERSION = YES;
				CLANG_WARN_CONSTANT_CONVERSION = YES;
				CLANG_WARN_DIRECT_OBJC_ISA_USAGE = YES_ERROR;
				CLANG_WARN_EMPTY_BODY = YES;
				CLANG_WARN_ENUM_CONVERSION = YES;
				CLANG_WARN_INT_CONVERSION = YES;
				CLANG_WARN_OBJC_ROOT_CLASS = YES_ERROR;
				CLANG_WARN_UNREACHABLE_CODE = YES;
				CLANG_WARN__DUPLICATE_METHOD_MATCH = YES;
				"CODE_SIGN_IDENTITY[sdk=iphoneos*]" = "iPhone Developer";
				COPY_PHASE_STRIP = NO;
				DEBUG_INFORMATION_FORMAT = "dwarf-with-dsym";
				ENABLE_NS_ASSERTIONS = NO;
				ENABLE_STRICT_OBJC_MSGSEND = YES;
				GCC_C_LANGUAGE_STANDARD = gnu99;
				GCC_NO_COMMON_BLOCKS = YES;
				GCC_WARN_64_TO_32_BIT_CONVERSION = YES;
				GCC_WARN_ABOUT_RETURN_TYPE = YES_ERROR;
				GCC_WARN_UNDECLARED_SELECTOR = YES;
				GCC_WARN_UNINITIALIZED_AUTOS = YES_AGGRESSIVE;
				GCC_WARN_UNUSED_FUNCTION = YES;
				GCC_WARN_UNUSED_VARIABLE = YES;
				IPHONEOS_DEPLOYMENT_TARGET = 9.1;
				MTL_ENABLE_DEBUG_INFO = NO;
				SDKROOT = iphoneos;
				TARGETED_DEVICE_FAMILY = "1,2";
				VALIDATE_PRODUCT = YES;
			};
			name = Release;
		};
		31CB191C1C1A95360052C13E /* Debug */ = {
			isa = XCBuildConfiguration;
			buildSettings = {
				ASSETCATALOG_COMPILER_APPICON_NAME = AppIcon;
				INFOPLIST_FILE = ForWork/Info.plist;
				LD_RUNPATH_SEARCH_PATHS = "$(inherited) @executable_path/Frameworks";
				PRODUCT_BUNDLE_IDENTIFIER = sysy.ForWork;
				PRODUCT_NAME = "$(TARGET_NAME)";
			};
			name = Debug;
		};
		31CB191D1C1A95360052C13E /* Release */ = {
			isa = XCBuildConfiguration;
			buildSettings = {
				ASSETCATALOG_COMPILER_APPICON_NAME = AppIcon;
				INFOPLIST_FILE = ForWork/Info.plist;
				LD_RUNPATH_SEARCH_PATHS = "$(inherited) @executable_path/Frameworks";
				PRODUCT_BUNDLE_IDENTIFIER = sysy.ForWork;
				PRODUCT_NAME = "$(TARGET_NAME)";
			};
			name = Release;
		};
		31CB191F1C1A95360052C13E /* Debug */ = {
			isa = XCBuildConfiguration;
			buildSettings = {
				BUNDLE_LOADER = "$(TEST_HOST)";
				INFOPLIST_FILE = ForWorkTests/Info.plist;
				LD_RUNPATH_SEARCH_PATHS = "$(inherited) @executable_path/Frameworks @loader_path/Frameworks";
				PRODUCT_BUNDLE_IDENTIFIER = sysy.ForWorkTests;
				PRODUCT_NAME = "$(TARGET_NAME)";
				TEST_HOST = "$(BUILT_PRODUCTS_DIR)/ForWork.app/ForWork";
			};
			name = Debug;
		};
		31CB19201C1A95360052C13E /* Release */ = {
			isa = XCBuildConfiguration;
			buildSettings = {
				BUNDLE_LOADER = "$(TEST_HOST)";
				INFOPLIST_FILE = ForWorkTests/Info.plist;
				LD_RUNPATH_SEARCH_PATHS = "$(inherited) @executable_path/Frameworks @loader_path/Frameworks";
				PRODUCT_BUNDLE_IDENTIFIER = sysy.ForWorkTests;
				PRODUCT_NAME = "$(TARGET_NAME)";
				TEST_HOST = "$(BUILT_PRODUCTS_DIR)/ForWork.app/ForWork";
			};
			name = Release;
		};
		31CB19221C1A95360052C13E /* Debug */ = {
			isa = XCBuildConfiguration;
			buildSettings = {
				INFOPLIST_FILE = ForWorkUITests/Info.plist;
				LD_RUNPATH_SEARCH_PATHS = "$(inherited) @executable_path/Frameworks @loader_path/Frameworks";
				PRODUCT_BUNDLE_IDENTIFIER = sysy.ForWorkUITests;
				PRODUCT_NAME = "$(TARGET_NAME)";
				TEST_TARGET_NAME = ForWork;
				USES_XCTRUNNER = YES;
			};
			name = Debug;
		};
		31CB19231C1A95360052C13E /* Release */ = {
			isa = XCBuildConfiguration;
			buildSettings = {
				INFOPLIST_FILE = ForWorkUITests/Info.plist;
				LD_RUNPATH_SEARCH_PATHS = "$(inherited) @executable_path/Frameworks @loader_path/Frameworks";
				PRODUCT_BUNDLE_IDENTIFIER = sysy.ForWorkUITests;
				PRODUCT_NAME = "$(TARGET_NAME)";
				TEST_TARGET_NAME = ForWork;
				USES_XCTRUNNER = YES;
			};
			name = Release;
		};
/* End XCBuildConfiguration section */

/* Begin XCConfigurationList section */
		31CB18E91C1A95360052C13E /* Build configuration list for PBXProject "ForWork" */ = {
			isa = XCConfigurationList;
			buildConfigurations = (
				31CB19191C1A95360052C13E /* Debug */,
				31CB191A1C1A95360052C13E /* Release */,
			);
			defaultConfigurationIsVisible = 0;
			defaultConfigurationName = Release;
		};
		31CB191B1C1A95360052C13E /* Build configuration list for PBXNativeTarget "ForWork" */ = {
			isa = XCConfigurationList;
			buildConfigurations = (
				31CB191C1C1A95360052C13E /* Debug */,
				31CB191D1C1A95360052C13E /* Release */,
			);
			defaultConfigurationIsVisible = 0;
		};
		31CB191E1C1A95360052C13E /* Build configuration list for PBXNativeTarget "ForWorkTests" */ = {
			isa = XCConfigurationList;
			buildConfigurations = (
				31CB191F1C1A95360052C13E /* Debug */,
				31CB19201C1A95360052C13E /* Release */,
			);
			defaultConfigurationIsVisible = 0;
		};
		31CB19211C1A95360052C13E /* Build configuration list for PBXNativeTarget "ForWorkUITests" */ = {
			isa = XCConfigurationList;
			buildConfigurations = (
				31CB19221C1A95360052C13E /* Debug */,
				31CB19231C1A95360052C13E /* Release */,
			);
			defaultConfigurationIsVisible = 0;
		};
/* End XCConfigurationList section */
	};
	rootObject = 31CB18E61C1A95360052C13E /* Project object */;
}
